<?xml version="1.0" encoding="utf-8"?>
<Project ToolsVersion="4.0" xmlns="http://schemas.microsoft.com/developer/msbuild/2003">
  <ItemGroup>
    <ClCompile Include="main.cpp" />
    <ClCompile Include="Engine\GameObject\GameObject.cpp">
      <Filter>Engine\GameObject</Filter>
    </ClCompile>
    <ClCompile Include="Engine\GameObject\GameObjectManager.cpp">
      <Filter>Engine\GameObject</Filter>
    </ClCompile>
    <ClCompile Include="Engine\GameState\GameStateManager.cpp">
      <Filter>Engine\GameState</Filter>
    </ClCompile>
    <ClCompile Include="Engine\GLModel\GLModel.cpp">
      <Filter>Engine\GLModel</Filter>
    </ClCompile>
    <ClCompile Include="Engine\GLShader\glslshader.cpp">
      <Filter>Engine\GLShader</Filter>
    </ClCompile>
    <ClCompile Include="Engine\Input\Input.cpp">
      <Filter>Engine\Input</Filter>
    </ClCompile>
    <ClCompile Include="Engine\Music\music.cpp">
      <Filter>Engine\Music</Filter>
    </ClCompile>
    <ClCompile Include="Engine\Window\Window.cpp">
      <Filter>Engine\Window</Filter>
    </ClCompile>
    <ClCompile Include="Engine\Logger\Logger.cpp">
      <Filter>Engine\Logger</Filter>
    </ClCompile>
    <ClCompile Include="Engine\Engine.cpp">
      <Filter>Engine</Filter>
    </ClCompile>
    <ClCompile Include="Game\Objects\Boss.cpp">
      <Filter>Game\Objects</Filter>
    </ClCompile>
    <ClCompile Include="Game\Objects\Hero.cpp">
      <Filter>Game\Objects</Filter>
    </ClCompile>
    <ClCompile Include="Game\Levels\Level1.cpp">
      <Filter>Game\Levels</Filter>
    </ClCompile>
    <ClCompile Include="Game\Objects\Tracks.cpp">
      <Filter>Game\Objects</Filter>
    </ClCompile>
    <ClCompile Include="Game\Objects\NoteHard.cpp">
      <Filter>Game\Objects</Filter>
    </ClCompile>
    <ClCompile Include="Engine\Music\Midi.cpp">
      <Filter>Engine\Music</Filter>
    </ClCompile>
    <ClCompile Include="Game\Objects\Note_collisionBox.cpp">
      <Filter>Game\Objects</Filter>
    </ClCompile>
    <ClCompile Include="Engine\Physics\Collision.cpp">
      <Filter>Engine\Physics</Filter>
    </ClCompile>
    <ClCompile Include="Engine\Physics\Camera.cpp">
      <Filter>Engine\Physics</Filter>
    </ClCompile>
    <ClCompile Include="Game\Levels\Mainmenu.cpp">
      <Filter>Game\Levels</Filter>
    </ClCompile>
    <ClCompile Include="Game\Levels\Splash.cpp">
      <Filter>Game\Levels</Filter>
    </ClCompile>
    <ClCompile Include="Game\Levels\Level2.cpp">
      <Filter>Game\Levels</Filter>
    </ClCompile>
    <ClCompile Include="Game\Objects\Background.cpp">
      <Filter>Game\Objects</Filter>
    </ClCompile>
    <ClCompile Include="Engine\ComponentManager.h">
      <Filter>Engine</Filter>
    </ClCompile>
    <ClCompile Include="Engine\Sprite\Texture.cpp">
      <Filter>Engine\Sprite</Filter>
    </ClCompile>
    <ClCompile Include="Engine\Sprite\TextureManager.cpp">
      <Filter>Engine\Sprite</Filter>
    </ClCompile>
    <ClCompile Include="Engine\Sprite\Animation.cpp">
      <Filter>Engine\Sprite</Filter>
    </ClCompile>
    <ClCompile Include="Engine\Sprite\Sprite.cpp">
      <Filter>Engine\Sprite</Filter>
    </ClCompile>
    <ClCompile Include="Game\Objects\EnergyBar.cpp">
      <Filter>Game\Objects</Filter>
    </ClCompile>
    <ClCompile Include="Game\Objects\stage_bar.cpp">
      <Filter>Game\Objects</Filter>
    </ClCompile>
    <ClCompile Include="Engine\Sprite\ParticleEmitter.cpp">
      <Filter>Engine\Sprite</Filter>
    </ClCompile>
    <ClCompile Include="Engine\Sprite\GameParticles.cpp">
      <Filter>Engine\Sprite</Filter>
    </ClCompile>
    <ClCompile Include="Game\Objects\Score.cpp">
      <Filter>Game\Objects</Filter>
    </ClCompile>
    <ClCompile Include="Game\Objects\fever.cpp">
      <Filter>Game\Objects</Filter>
    </ClCompile>
    <ClCompile Include="Game\Levels\Gameover.cpp">
      <Filter>Game\Levels</Filter>
    </ClCompile>
    <ClCompile Include="Game\Levels\Clear.cpp">
      <Filter>Game\Levels</Filter>
    </ClCompile>
    <ClCompile Include="Game\Levels\Option.cpp">
      <Filter>Game\Levels</Filter>
    </ClCompile>
    <ClCompile Include="Engine\Text\GLText.cpp">
      <Filter>Engine\Text</Filter>
    </ClCompile>
    <ClCompile Include="Game\Objects\CheckBox.cpp">
      <Filter>Game\Objects</Filter>
    </ClCompile>
    <ClCompile Include="Game\Levels\Offset.cpp">
      <Filter>Game\Levels</Filter>
    </ClCompile>
    <ClCompile Include="Game\Levels\Tutorial.cpp">
      <Filter>Game\Levels</Filter>
    </ClCompile>
    <ClCompile Include="Game\Levels\MainOption.cpp">
      <Filter>Game\Levels</Filter>
    </ClCompile>
    <ClCompile Include="Game\Levels\Level3.cpp">
      <Filter>Game\Levels</Filter>
    </ClCompile>
    <ClCompile Include="Game\Levels\Level0.cpp">
      <Filter>Game\Levels</Filter>
    </ClCompile>
    <ClCompile Include="Game\Objects\obstacle.cpp">
      <Filter>Game\Objects</Filter>
    </ClCompile>
    <ClCompile Include="Game\Objects\NoteUp.cpp">
      <Filter>Game\Objects</Filter>
    </ClCompile>
    <ClCompile Include="Game\Objects\NoteDown.cpp">
      <Filter>Game\Objects</Filter>
    </ClCompile>
    <ClCompile Include="Game\Objects\EnergyBarContainer.cpp">
      <Filter>Game\Objects</Filter>
    </ClCompile>
    <ClCompile Include="Engine\Window\SerialClass.cpp">
      <Filter>Engine\Window</Filter>
    </ClCompile>
    <ClCompile Include="Engine\Physics\Curve.cpp">
      <Filter>Engine\Physics</Filter>
    </ClCompile>
    <ClCompile Include="Engine\GameState\GameState.cpp" />
  </ItemGroup>
  <ItemGroup>
    <ClInclude Include="Engine\GameObject\GameObject.h">
      <Filter>Engine\GameObject</Filter>
    </ClInclude>
    <ClInclude Include="Engine\GameObject\GameObjectManager.h">
      <Filter>Engine\GameObject</Filter>
    </ClInclude>
    <ClInclude Include="Engine\GameState\GameState.h">
      <Filter>Engine\GameState</Filter>
    </ClInclude>
    <ClInclude Include="Engine\GameState\GameStateManager.h">
      <Filter>Engine\GameState</Filter>
    </ClInclude>
    <ClInclude Include="Engine\GLModel\GLModel.h">
      <Filter>Engine\GLModel</Filter>
    </ClInclude>
    <ClInclude Include="Engine\GLShader\glslshader.h">
      <Filter>Engine\GLShader</Filter>
    </ClInclude>
    <ClInclude Include="Engine\Input\Input.h">
      <Filter>Engine\Input</Filter>
    </ClInclude>
    <ClInclude Include="Engine\Image\stb_image.h">
      <Filter>Engine\Image</Filter>
    </ClInclude>
    <ClInclude Include="Engine\Music\music.h">
      <Filter>Engine\Music</Filter>
    </ClInclude>
    <ClInclude Include="Engine\Window\Window.h">
      <Filter>Engine\Window</Filter>
    </ClInclude>
    <ClInclude Include="Engine\Logger\Logger.h">
      <Filter>Engine\Logger</Filter>
    </ClInclude>
    <ClInclude Include="Engine\Engine.h">
      <Filter>Engine</Filter>
    </ClInclude>
    <ClInclude Include="Game\Objects\Boss.h">
      <Filter>Game\Objects</Filter>
    </ClInclude>
    <ClInclude Include="Game\Objects\Hero.h">
      <Filter>Game\Objects</Filter>
    </ClInclude>
    <ClInclude Include="Game\Levels\Level1.h">
      <Filter>Game\Levels</Filter>
    </ClInclude>
    <ClInclude Include="Game\Objects\Track.h">
      <Filter>Game\Objects</Filter>
    </ClInclude>
    <ClInclude Include="Game\Objects\NoteHard.h">
      <Filter>Game\Objects</Filter>
    </ClInclude>
    <ClInclude Include="Engine\Music\Midi.h">
      <Filter>Engine\Music</Filter>
    </ClInclude>
    <ClInclude Include="Game\Objects\Note_collisionBox.h">
      <Filter>Game\Objects</Filter>
    </ClInclude>
    <ClInclude Include="Game\Objects\GameObjectType.h">
      <Filter>Game\Objects</Filter>
    </ClInclude>
    <ClInclude Include="Engine\Physics\Collision.h">
      <Filter>Engine\Physics</Filter>
    </ClInclude>
    <ClInclude Include="Engine\Physics\Camera.h">
      <Filter>Engine\Physics</Filter>
    </ClInclude>
    <ClInclude Include="Game\Levels\Mainmenu.h">
      <Filter>Game\Levels</Filter>
    </ClInclude>
    <ClInclude Include="Game\Levels\State.h">
      <Filter>Game\Levels</Filter>
    </ClInclude>
    <ClInclude Include="Game\Levels\Splash.h">
      <Filter>Game\Levels</Filter>
    </ClInclude>
    <ClInclude Include="Game\Levels\Level2.h">
      <Filter>Game\Levels</Filter>
    </ClInclude>
    <ClInclude Include="Game\Objects\Background.h">
      <Filter>Game\Objects</Filter>
    </ClInclude>
    <ClInclude Include="Engine\Component.h">
      <Filter>Engine</Filter>
    </ClInclude>
    <ClInclude Include="Engine\Sprite\Texture.h">
      <Filter>Engine\Sprite</Filter>
    </ClInclude>
    <ClInclude Include="Engine\Sprite\TextureManager.h">
      <Filter>Engine\Sprite</Filter>
    </ClInclude>
    <ClInclude Include="Engine\Sprite\Animation.h">
      <Filter>Engine\Sprite</Filter>
    </ClInclude>
    <ClInclude Include="Engine\Sprite\Sprite.h">
      <Filter>Engine\Sprite</Filter>
    </ClInclude>
    <ClInclude Include="Game\Objects\EnergyBar.h">
      <Filter>Game\Objects</Filter>
    </ClInclude>
    <ClInclude Include="Game\Objects\stage_bar.h">
      <Filter>Game\Objects</Filter>
    </ClInclude>
    <ClInclude Include="Engine\Sprite\ParticleEmitter.h">
      <Filter>Engine\Sprite</Filter>
    </ClInclude>
    <ClInclude Include="Engine\Sprite\GameParticles.h">
      <Filter>Engine\Sprite</Filter>
    </ClInclude>
    <ClInclude Include="Game\Objects\Score.h">
      <Filter>Game\Objects</Filter>
    </ClInclude>
    <ClInclude Include="Game\Objects\fever.h">
      <Filter>Game\Objects</Filter>
    </ClInclude>
    <ClInclude Include="Game\Levels\Gameover.h">
      <Filter>Game\Levels</Filter>
    </ClInclude>
    <ClInclude Include="Game\Levels\Clear.h">
      <Filter>Game\Levels</Filter>
    </ClInclude>
    <ClInclude Include="Game\Levels\Option.h">
      <Filter>Game\Levels</Filter>
    </ClInclude>
    <ClInclude Include="Engine\Text\GLText.h">
      <Filter>Engine\Text</Filter>
    </ClInclude>
    <ClInclude Include="Game\Objects\CheckBox.h">
      <Filter>Game\Objects</Filter>
    </ClInclude>
    <ClInclude Include="Game\Levels\Offset.h">
      <Filter>Game\Levels</Filter>
    </ClInclude>
    <ClInclude Include="Game\Levels\Tutorial.h">
      <Filter>Game\Levels</Filter>
    </ClInclude>
    <ClInclude Include="Engine\Music\Sound_Num.h">
      <Filter>Engine\Music</Filter>
    </ClInclude>
    <ClInclude Include="Game\Levels\MainOption.h">
      <Filter>Game\Levels</Filter>
    </ClInclude>
    <ClInclude Include="Game\Levels\Level3.h">
      <Filter>Game\Levels</Filter>
    </ClInclude>
    <ClInclude Include="Game\Levels\Level0.h">
      <Filter>Game\Levels</Filter>
    </ClInclude>
    <ClInclude Include="Game\Objects\obstacle.h">
      <Filter>Game\Objects</Filter>
    </ClInclude>
    <ClInclude Include="Game\Objects\Score Enum.h">
      <Filter>Game\Objects</Filter>
    </ClInclude>
    <ClInclude Include="Game\Objects\NoteUp.h">
      <Filter>Game\Objects</Filter>
    </ClInclude>
    <ClInclude Include="Game\Objects\NoteDown.h">
      <Filter>Game\Objects</Filter>
    </ClInclude>
    <ClInclude Include="Game\Objects\EnergyBarContainer.h">
      <Filter>Game\Objects</Filter>
    </ClInclude>
    <ClInclude Include="Engine\Window\SerialClass.h">
      <Filter>Engine\Window</Filter>
    </ClInclude>
    <ClInclude Include="Engine\Physics\Curve.h">
      <Filter>Engine\Physics</Filter>
    </ClInclude>
  </ItemGroup>
  <ItemGroup>
    <Filter Include="Game">
      <UniqueIdentifier>{c84f0733-89e6-4e1b-a957-42b6f5f553b8}</UniqueIdentifier>
    </Filter>
    <Filter Include="Game\Levels">
      <UniqueIdentifier>{13f620e9-81f1-46ac-951c-8dd652099076}</UniqueIdentifier>
    </Filter>
    <Filter Include="Engine">
      <UniqueIdentifier>{63270feb-8ad1-4aba-bd38-6ccb4a32b1a0}</UniqueIdentifier>
    </Filter>
    <Filter Include="Engine\GameObject">
      <UniqueIdentifier>{ebdec01a-e45f-413e-98c1-cd4ae3222230}</UniqueIdentifier>
    </Filter>
    <Filter Include="Engine\GameState">
      <UniqueIdentifier>{3111f571-dc55-4c42-a1f1-e2a25add2b91}</UniqueIdentifier>
    </Filter>
    <Filter Include="Engine\GLModel">
      <UniqueIdentifier>{a64a40e9-e1a5-427e-81f2-02b7de6dada9}</UniqueIdentifier>
    </Filter>
    <Filter Include="Engine\GLShader">
      <UniqueIdentifier>{036c1bec-f222-4475-8332-3f1b64d83b36}</UniqueIdentifier>
    </Filter>
    <Filter Include="Engine\Image">
      <UniqueIdentifier>{ba6531f7-0959-4c8b-968b-0a6ca278efe6}</UniqueIdentifier>
    </Filter>
    <Filter Include="Engine\Input">
      <UniqueIdentifier>{8bbddc7c-4a44-46a5-811c-b76a07e98911}</UniqueIdentifier>
    </Filter>
    <Filter Include="Engine\Logger">
      <UniqueIdentifier>{7ef0ac42-7e6a-4e80-bc43-d03296eb5e0e}</UniqueIdentifier>
    </Filter>
    <Filter Include="Engine\Music">
      <UniqueIdentifier>{eca965c5-c808-4fee-bbfa-9855ff33f04e}</UniqueIdentifier>
    </Filter>
    <Filter Include="Engine\Window">
      <UniqueIdentifier>{38e9c6c6-957c-4786-8d74-7eaf659c7ea2}</UniqueIdentifier>
    </Filter>
    <Filter Include="Game\Objects">
      <UniqueIdentifier>{5cc8c5b7-fe08-46e8-a483-cef650b1f2e8}</UniqueIdentifier>
    </Filter>
    <Filter Include="Engine\Physics">
      <UniqueIdentifier>{a9bf34ab-70f9-4d48-844d-54443924aefe}</UniqueIdentifier>
    </Filter>
    <Filter Include="Engine\Sprite">
      <UniqueIdentifier>{c63e31bc-278e-4a0c-aa57-a3e435e73301}</UniqueIdentifier>
    </Filter>
    <Filter Include="Engine\Text">
      <UniqueIdentifier>{b5c7a807-2053-42bb-b70d-7989940c53a9}</UniqueIdentifier>
    </Filter>
  </ItemGroup>
</Project>